// !$*UTF8*$!
{
	archiveVersion = 1;
	classes = {
	};
	objectVersion = 56;
	objects = {

/* Begin PBXBuildFile section */
		99371E602914755A008BF36F /* AppDelegate.swift in Sources */ = {isa = PBXBuildFile; fileRef = 99371E5F2914755A008BF36F /* AppDelegate.swift */; };
		99371E622914755A008BF36F /* SceneDelegate.swift in Sources */ = {isa = PBXBuildFile; fileRef = 99371E612914755A008BF36F /* SceneDelegate.swift */; };
		99371E672914755A008BF36F /* Main.storyboard in Resources */ = {isa = PBXBuildFile; fileRef = 99371E652914755A008BF36F /* Main.storyboard */; };
		99371E692914755B008BF36F /* Assets.xcassets in Resources */ = {isa = PBXBuildFile; fileRef = 99371E682914755B008BF36F /* Assets.xcassets */; };
		99371E6C2914755B008BF36F /* LaunchScreen.storyboard in Resources */ = {isa = PBXBuildFile; fileRef = 99371E6A2914755B008BF36F /* LaunchScreen.storyboard */; };
		99371E7429147680008BF36F /* AlertListViewController.swift in Sources */ = {isa = PBXBuildFile; fileRef = 99371E7329147680008BF36F /* AlertListViewController.swift */; };
		99B6D0F32919B23400442E77 /* AlertListCell.swift in Sources */ = {isa = PBXBuildFile; fileRef = 99B6D0F12919B23400442E77 /* AlertListCell.swift */; };
		99B6D0F42919B23400442E77 /* AlertListCell.xib in Resources */ = {isa = PBXBuildFile; fileRef = 99B6D0F22919B23400442E77 /* AlertListCell.xib */; };
		99B6D0F62919B64800442E77 /* Alert.swift in Sources */ = {isa = PBXBuildFile; fileRef = 99B6D0F52919B64800442E77 /* Alert.swift */; };
/* End PBXBuildFile section */

/* Begin PBXFileReference section */
		99371E5C2914755A008BF36F /* Drink.app */ = {isa = PBXFileReference; explicitFileType = wrapper.application; includeInIndex = 0; path = Drink.app; sourceTree = BUILT_PRODUCTS_DIR; };
		99371E5F2914755A008BF36F /* AppDelegate.swift */ = {isa = PBXFileReference; lastKnownFileType = sourcecode.swift; path = AppDelegate.swift; sourceTree = "<group>"; };
		99371E612914755A008BF36F /* SceneDelegate.swift */ = {isa = PBXFileReference; lastKnownFileType = sourcecode.swift; path = SceneDelegate.swift; sourceTree = "<group>"; };
		99371E662914755A008BF36F /* Base */ = {isa = PBXFileReference; lastKnownFileType = file.storyboard; name = Base; path = Base.lproj/Main.storyboard; sourceTree = "<group>"; };
		99371E682914755B008BF36F /* Assets.xcassets */ = {isa = PBXFileReference; lastKnownFileType = folder.assetcatalog; path = Assets.xcassets; sourceTree = "<group>"; };
		99371E6B2914755B008BF36F /* Base */ = {isa = PBXFileReference; lastKnownFileType = file.storyboard; name = Base; path = Base.lproj/LaunchScreen.storyboard; sourceTree = "<group>"; };
		99371E6D2914755B008BF36F /* Info.plist */ = {isa = PBXFileReference; lastKnownFileType = text.plist.xml; path = Info.plist; sourceTree = "<group>"; };
		99371E7329147680008BF36F /* AlertListViewController.swift */ = {isa = PBXFileReference; lastKnownFileType = sourcecode.swift; path = AlertListViewController.swift; sourceTree = "<group>"; };
		99B6D0F12919B23400442E77 /* AlertListCell.swift */ = {isa = PBXFileReference; lastKnownFileType = sourcecode.swift; path = AlertListCell.swift; sourceTree = "<group>"; };
		99B6D0F22919B23400442E77 /* AlertListCell.xib */ = {isa = PBXFileReference; lastKnownFileType = file.xib; path = AlertListCell.xib; sourceTree = "<group>"; };
		99B6D0F52919B64800442E77 /* Alert.swift */ = {isa = PBXFileReference; lastKnownFileType = sourcecode.swift; path = Alert.swift; sourceTree = "<group>"; };
/* End PBXFileReference section */

/* Begin PBXFrameworksBuildPhase section */
		99371E592914755A008BF36F /* Frameworks */ = {
			isa = PBXFrameworksBuildPhase;
			buildActionMask = 2147483647;
			files = (
			);
			runOnlyForDeploymentPostprocessing = 0;
		};
/* End PBXFrameworksBuildPhase section */

/* Begin PBXGroup section */
		99371E532914755A008BF36F = {
			isa = PBXGroup;
			children = (
				99371E5E2914755A008BF36F /* Drink */,
				99371E5D2914755A008BF36F /* Products */,
			);
			sourceTree = "<group>";
		};
		99371E5D2914755A008BF36F /* Products */ = {
			isa = PBXGroup;
			children = (
				99371E5C2914755A008BF36F /* Drink.app */,
			);
			name = Products;
			sourceTree = "<group>";
		};
		99371E5E2914755A008BF36F /* Drink */ = {
			isa = PBXGroup;
			children = (
				99371E5F2914755A008BF36F /* AppDelegate.swift */,
				99371E612914755A008BF36F /* SceneDelegate.swift */,
				99371E7329147680008BF36F /* AlertListViewController.swift */,
				99B6D0F52919B64800442E77 /* Alert.swift */,
				99B6D0F12919B23400442E77 /* AlertListCell.swift */,
				99B6D0F22919B23400442E77 /* AlertListCell.xib */,
				99371E652914755A008BF36F /* Main.storyboard */,
				99371E682914755B008BF36F /* Assets.xcassets */,
				99371E6A2914755B008BF36F /* LaunchScreen.storyboard */,
				99371E6D2914755B008BF36F /* Info.plist */,
			);
			path = Drink;
			sourceTree = "<group>";
		};
/* End PBXGroup section */

/* Begin PBXNativeTarget section */
		99371E5B2914755A008BF36F /* Drink */ = {
			isa = PBXNativeTarget;
			buildConfigurationList = 99371E702914755B008BF36F /* Build configuration list for PBXNativeTarget "Drink" */;
			buildPhases = (
				99371E582914755A008BF36F /* Sources */,
				99371E592914755A008BF36F /* Frameworks */,
				99371E5A2914755A008BF36F /* Resources */,
			);
			buildRules = (
			);
			dependencies = (
			);
			name = Drink;
			productName = Drink;
			productReference = 99371E5C2914755A008BF36F /* Drink.app */;
			productType = "com.apple.product-type.application";
		};
/* End PBXNativeTarget section */

/* Begin PBXProject section */
		99371E542914755A008BF36F /* Project object */ = {
			isa = PBXProject;
			attributes = {
				BuildIndependentTargetsInParallel = 1;
				LastSwiftUpdateCheck = 1400;
				LastUpgradeCheck = 1400;
				TargetAttributes = {
					99371E5B2914755A008BF36F = {
						CreatedOnToolsVersion = 14.0.1;
					};
				};
			};
			buildConfigurationList = 99371E572914755A008BF36F /* Build configuration list for PBXProject "Drink" */;
			compatibilityVersion = "Xcode 14.0";
			developmentRegion = en;
			hasScannedForEncodings = 0;
			knownRegions = (
				en,
				Base,
			);
			mainGroup = 99371E532914755A008BF36F;
			productRefGroup = 99371E5D2914755A008BF36F /* Products */;
			projectDirPath = "";
			projectRoot = "";
			targets = (
				99371E5B2914755A008BF36F /* Drink */,
			);
		};
/* End PBXProject section */

/* Begin PBXResourcesBuildPhase section */
		99371E5A2914755A008BF36F /* Resources */ = {
			isa = PBXResourcesBuildPhase;
			buildActionMask = 2147483647;
			files = (
				99371E6C2914755B008BF36F /* LaunchScreen.storyboard in Resources */,
				99371E692914755B008BF36F /* Assets.xcassets in Resources */,
				99B6D0F42919B23400442E77 /* AlertListCell.xib in Resources */,
				99371E672914755A008BF36F /* Main.storyboard in Resources */,
			);
			runOnlyForDeploymentPostprocessing = 0;
		};
/* End PBXResourcesBuildPhase section */

/* Begin PBXSourcesBuildPhase section */
		99371E582914755A008BF36F /* Sources */ = {
			isa = PBXSourcesBuildPhase;
			buildActionMask = 2147483647;
			files = (
				99371E602914755A008BF36F /* AppDelegate.swift in Sources */,
				99371E622914755A008BF36F /* SceneDelegate.swift in Sources */,
				99B6D0F32919B23400442E77 /* AlertListCell.swift in Sources */,
				99B6D0F62919B64800442E77 /* Alert.swift in Sources */,
				99371E7429147680008BF36F /* AlertListViewController.swift in Sources */,
			);
			runOnlyForDeploymentPostprocessing = 0;
		};
/* End PBXSourcesBuildPhase section */

/* Begin PBXVariantGroup section */
		99371E652914755A008BF36F /* Main.storyboard */ = {
			isa = PBXVariantGroup;
			children = (
				99371E662914755A008BF36F /* Base */,
			);
			name = Main.storyboard;
			sourceTree = "<group>";
		};
		99371E6A2914755B008BF36F /* LaunchScreen.storyboard */ = {
			isa = PBXVariantGroup;
			children = (
				99371E6B2914755B008BF36F /* Base */,
			);
			name = LaunchScreen.storyboard;
			sourceTree = "<group>";
		};
/* End PBXVariantGroup section */

/* Begin XCBuildConfiguration section */
		99371E6E2914755B008BF36F /* Debug */ = {
			isa = XCBuildConfiguration;
			buildSettings = {
				ALWAYS_SEARCH_USER_PATHS = NO;
				CLANG_ANALYZER_NONNULL = YES;
				CLANG_ANALYZER_NUMBER_OBJECT_CONVERSION = YES_AGGRESSIVE;
				CLANG_CXX_LANGUAGE_STANDARD = "gnu++20";
				CLANG_ENABLE_MODULES = YES;
				CLANG_ENABLE_OBJC_ARC = YES;
				CLANG_ENABLE_OBJC_WEAK = YES;
				CLANG_WARN_BLOCK_CAPTURE_AUTORELEASING = YES;
				CLANG_WARN_BOOL_CONVERSION = YES;
				CLANG_WARN_COMMA = YES;
				CLANG_WARN_CONSTANT_CONVERSION = YES;
				CLANG_WARN_DEPRECATED_OBJC_IMPLEMENTATIONS = YES;
				CLANG_WARN_DIRECT_OBJC_ISA_USAGE = YES_ERROR;
				CLANG_WARN_DOCUMENTATION_COMMENTS = YES;
				CLANG_WARN_EMPTY_BODY = YES;
				CLANG_WARN_ENUM_CONVERSION = YES;
				CLANG_WARN_INFINITE_RECURSION = YES;
				CLANG_WARN_INT_CONVERSION = YES;
				CLANG_WARN_NON_LITERAL_NULL_CONVERSION = YES;
				CLANG_WARN_OBJC_IMPLICIT_RETAIN_SELF = YES;
				CLANG_WARN_OBJC_LITERAL_CONVERSION = YES;
				CLANG_WARN_OBJC_ROOT_CLASS = YES_ERROR;
				CLANG_WARN_QUOTED_INCLUDE_IN_FRAMEWORK_HEADER = YES;
				CLANG_WARN_RANGE_LOOP_ANALYSIS = YES;
				CLANG_WARN_STRICT_PROTOTYPES = YES;
				CLANG_WARN_SUSPICIOUS_MOVE = YES;
				CLANG_WARN_UNGUARDED_AVAILABILITY = YES_AGGRESSIVE;
				CLANG_WARN_UNREACHABLE_CODE = YES;
				CLANG_WARN__DUPLICATE_METHOD_MATCH = YES;
				COPY_PHASE_STRIP = NO;
				DEBUG_INFORMATION_FORMAT = dwarf;
				ENABLE_STRICT_OBJC_MSGSEND = YES;
				ENABLE_TESTABILITY = YES;
				GCC_C_LANGUAGE_STANDARD = gnu11;
				GCC_DYNAMIC_NO_PIC = NO;
				GCC_NO_COMMON_BLOCKS = YES;
				GCC_OPTIMIZATION_LEVEL = 0;
				GCC_PREPROCESSOR_DEFINITIONS = (
					"DEBUG=1",
					"$(inherited)",
				);
				GCC_WARN_64_TO_32_BIT_CONVERSION = YES;
				GCC_WARN_ABOUT_RETURN_TYPE = YES_ERROR;
				GCC_WARN_UNDECLARED_SELECTOR = YES;
				GCC_WARN_UNINITIALIZED_AUTOS = YES_AGGRESSIVE;
				GCC_WARN_UNUSED_FUNCTION = YES;
				GCC_WARN_UNUSED_VARIABLE = YES;
				IPHONEOS_DEPLOYMENT_TARGET = 16.0;
				MTL_ENABLE_DEBUG_INFO = INCLUDE_SOURCE;
				MTL_FAST_MATH = YES;
				ONLY_ACTIVE_ARCH = YES;
				SDKROOT = iphoneos;
				SWIFT_ACTIVE_COMPILATION_CONDITIONS = DEBUG;
				SWIFT_OPTIMIZATION_LEVEL = "-Onone";
			};
			name = Debug;
		};
		99371E6F2914755B008BF36F /* Release */ = {
			isa = XCBuildConfiguration;
			buildSettings = {
				ALWAYS_SEARCH_USER_PATHS = NO;
				CLANG_ANALYZER_NONNULL = YES;
				CLANG_ANALYZER_NUMBER_OBJECT_CONVERSION = YES_AGGRESSIVE;
				CLANG_CXX_LANGUAGE_STANDARD = "gnu++20";
				CLANG_ENABLE_MODULES = YES;
				CLANG_ENABLE_OBJC_ARC = YES;
				CLANG_ENABLE_OBJC_WEAK = YES;
				CLANG_WARN_BLOCK_CAPTURE_AUTORELEASING = YES;
				CLANG_WARN_BOOL_CONVERSION = YES;
				CLANG_WARN_COMMA = YES;
				CLANG_WARN_CONSTANT_CONVERSION = YES;
				CLANG_WARN_DEPRECATED_OBJC_IMPLEMENTATIONS = YES;
				CLANG_WARN_DIRECT_OBJC_ISA_USAGE = YES_ERROR;
				CLANG_WARN_DOCUMENTATION_COMMENTS = YES;
				CLANG_WARN_EMPTY_BODY = YES;
				CLANG_WARN_ENUM_CONVERSION = YES;
				CLANG_WARN_INFINITE_RECURSION = YES;
				CLANG_WARN_INT_CONVERSION = YES;
				CLANG_WARN_NON_LITERAL_NULL_CONVERSION = YES;
				CLANG_WARN_OBJC_IMPLICIT_RETAIN_SELF = YES;
				CLANG_WARN_OBJC_LITERAL_CONVERSION = YES;
				CLANG_WARN_OBJC_ROOT_CLASS = YES_ERROR;
				CLANG_WARN_QUOTED_INCLUDE_IN_FRAMEWORK_HEADER = YES;
				CLANG_WARN_RANGE_LOOP_ANALYSIS = YES;
				CLANG_WARN_STRICT_PROTOTYPES = YES;
				CLANG_WARN_SUSPICIOUS_MOVE = YES;
				CLANG_WARN_UNGUARDED_AVAILABILITY = YES_AGGRESSIVE;
				CLANG_WARN_UNREACHABLE_CODE = YES;
				CLANG_WARN__DUPLICATE_METHOD_MATCH = YES;
				COPY_PHASE_STRIP = NO;
				DEBUG_INFORMATION_FORMAT = "dwarf-with-dsym";
				ENABLE_NS_ASSERTIONS = NO;
				ENABLE_STRICT_OBJC_MSGSEND = YES;
				GCC_C_LANGUAGE_STANDARD = gnu11;
				GCC_NO_COMMON_BLOCKS = YES;
				GCC_WARN_64_TO_32_BIT_CONVERSION = YES;
				GCC_WARN_ABOUT_RETURN_TYPE = YES_ERROR;
				GCC_WARN_UNDECLARED_SELECTOR = YES;
				GCC_WARN_UNINITIALIZED_AUTOS = YES_AGGRESSIVE;
				GCC_WARN_UNUSED_FUNCTION = YES;
				GCC_WARN_UNUSED_VARIABLE = YES;
				IPHONEOS_DEPLOYMENT_TARGET = 16.0;
				MTL_ENABLE_DEBUG_INFO = NO;
				MTL_FAST_MATH = YES;
				SDKROOT = iphoneos;
				SWIFT_COMPILATION_MODE = wholemodule;
				SWIFT_OPTIMIZATION_LEVEL = "-O";
				VALIDATE_PRODUCT = YES;
			};
			name = Release;
		};
		99371E712914755B008BF36F /* Debug */ = {
			isa = XCBuildConfiguration;
			buildSettings = {
				ASSETCATALOG_COMPILER_APPICON_NAME = AppIcon;
				ASSETCATALOG_COMPILER_GLOBAL_ACCENT_COLOR_NAME = AccentColor;
				CODE_SIGN_STYLE = Automatic;
				CURRENT_PROJECT_VERSION = 1;
				DEVELOPMENT_TEAM = 9XB7FH3RZ5;
				GENERATE_INFOPLIST_FILE = YES;
				INFOPLIST_FILE = Drink/Info.plist;
				INFOPLIST_KEY_UIApplicationSupportsIndirectInputEvents = YES;
				INFOPLIST_KEY_UILaunchStoryboardName = LaunchScreen;
				INFOPLIST_KEY_UIMainStoryboardFile = Main;
				INFOPLIST_KEY_UISupportedInterfaceOrientations_iPad = "UIInterfaceOrientationPortrait UIInterfaceOrientationPortraitUpsideDown UIInterfaceOrientationLandscapeLeft UIInterfaceOrientationLandscapeRight";
				INFOPLIST_KEY_UISupportedInterfaceOrientations_iPhone = "UIInterfaceOrientationPortrait UIInterfaceOrientationLandscapeLeft UIInterfaceOrientationLandscapeRight";
				LD_RUNPATH_SEARCH_PATHS = (
					"$(inherited)",
					"@executable_path/Frameworks",
				);
				MARKETING_VERSION = 1.0;
				PRODUCT_BUNDLE_IDENTIFIER = com.jeonghome.Drink;
				PRODUCT_NAME = "$(TARGET_NAME)";
				SWIFT_EMIT_LOC_STRINGS = YES;
				SWIFT_VERSION = 5.0;
				TARGETED_DEVICE_FAMILY = "1,2";
			};
			name = Debug;
		};
		99371E722914755B008BF36F /* Release */ = {
			isa = XCBuildConfiguration;
			buildSettings = {
				ASSETCATALOG_COMPILER_APPICON_NAME = AppIcon;
				ASSETCATALOG_COMPILER_GLOBAL_ACCENT_COLOR_NAME = AccentColor;
				CODE_SIGN_STYLE = Automatic;
				CURRENT_PROJECT_VERSION = 1;
				DEVELOPMENT_TEAM = 9XB7FH3RZ5;
				GENERATE_INFOPLIST_FILE = YES;
				INFOPLIST_FILE = Drink/Info.plist;
				INFOPLIST_KEY_UIApplicationSupportsIndirectInputEvents = YES;
				INFOPLIST_KEY_UILaunchStoryboardName = LaunchScreen;
				INFOPLIST_KEY_UIMainStoryboardFile = Main;
				INFOPLIST_KEY_UISupportedInterfaceOrientations_iPad = "UIInterfaceOrientationPortrait UIInterfaceOrientationPortraitUpsideDown UIInterfaceOrientationLandscapeLeft UIInterfaceOrientationLandscapeRight";
				INFOPLIST_KEY_UISupportedInterfaceOrientations_iPhone = "UIInterfaceOrientationPortrait UIInterfaceOrientationLandscapeLeft UIInterfaceOrientationLandscapeRight";
				LD_RUNPATH_SEARCH_PATHS = (
					"$(inherited)",
					"@executable_path/Frameworks",
				);
				MARKETING_VERSION = 1.0;
				PRODUCT_BUNDLE_IDENTIFIER = com.jeonghome.Drink;
				PRODUCT_NAME = "$(TARGET_NAME)";
				SWIFT_EMIT_LOC_STRINGS = YES;
				SWIFT_VERSION = 5.0;
				TARGETED_DEVICE_FAMILY = "1,2";
			};
			name = Release;
		};
/* End XCBuildConfiguration section */

/* Begin XCConfigurationList section */
		99371E572914755A008BF36F /* Build configuration list for PBXProject "Drink" */ = {
			isa = XCConfigurationList;
			buildConfigurations = (
				99371E6E2914755B008BF36F /* Debug */,
				99371E6F2914755B008BF36F /* Release */,
			);
			defaultConfigurationIsVisible = 0;
			defaultConfigurationName = Release;
		};
		99371E702914755B008BF36F /* Build configuration list for PBXNativeTarget "Drink" */ = {
			isa = XCConfigurationList;
			buildConfigurations = (
				99371E712914755B008BF36F /* Debug */,
				99371E722914755B008BF36F /* Release */,
			);
			defaultConfigurationIsVisible = 0;
			defaultConfigurationName = Release;
		};
/* End XCConfigurationList section */
	};
	rootObject = 99371E542914755A008BF36F /* Project object */;
}
